// !$*UTF8*$!
{
	archiveVersion = 1;
	classes = {
	};
	objectVersion = 50;
	objects = {

/* Begin PBXBuildFile section */
		783D79E2240696130080164A /* AppDelegate.swift in Sources */ = {isa = PBXBuildFile; fileRef = 783D79E1240696130080164A /* AppDelegate.swift */; };
		783D79E4240696130080164A /* SceneDelegate.swift in Sources */ = {isa = PBXBuildFile; fileRef = 783D79E3240696130080164A /* SceneDelegate.swift */; };
		783D79E6240696130080164A /* ViewController.swift in Sources */ = {isa = PBXBuildFile; fileRef = 783D79E5240696130080164A /* ViewController.swift */; };
		783D79E9240696130080164A /* Main.storyboard in Resources */ = {isa = PBXBuildFile; fileRef = 783D79E7240696130080164A /* Main.storyboard */; };
		783D79EC240696130080164A /* coredataTest2.xcdatamodeld in Sources */ = {isa = PBXBuildFile; fileRef = 783D79EA240696130080164A /* coredataTest2.xcdatamodeld */; };
		783D79EE240696160080164A /* Assets.xcassets in Resources */ = {isa = PBXBuildFile; fileRef = 783D79ED240696160080164A /* Assets.xcassets */; };
		783D79F1240696160080164A /* LaunchScreen.storyboard in Resources */ = {isa = PBXBuildFile; fileRef = 783D79EF240696160080164A /* LaunchScreen.storyboard */; };
		783D79FC240696160080164A /* coredataTest2Tests.swift in Sources */ = {isa = PBXBuildFile; fileRef = 783D79FB240696160080164A /* coredataTest2Tests.swift */; };
		783D7A07240696160080164A /* coredataTest2UITests.swift in Sources */ = {isa = PBXBuildFile; fileRef = 783D7A06240696160080164A /* coredataTest2UITests.swift */; };
		783D7A152406C8140080164A /* User.swift in Sources */ = {isa = PBXBuildFile; fileRef = 783D7A142406C8140080164A /* User.swift */; };
		783D7A172406C8790080164A /* Movie.swift in Sources */ = {isa = PBXBuildFile; fileRef = 783D7A162406C8790080164A /* Movie.swift */; };
/* End PBXBuildFile section */

/* Begin PBXContainerItemProxy section */
		783D79F8240696160080164A /* PBXContainerItemProxy */ = {
			isa = PBXContainerItemProxy;
			containerPortal = 783D79D6240696130080164A /* Project object */;
			proxyType = 1;
			remoteGlobalIDString = 783D79DD240696130080164A;
			remoteInfo = coredataTest2;
		};
		783D7A03240696160080164A /* PBXContainerItemProxy */ = {
			isa = PBXContainerItemProxy;
			containerPortal = 783D79D6240696130080164A /* Project object */;
			proxyType = 1;
			remoteGlobalIDString = 783D79DD240696130080164A;
			remoteInfo = coredataTest2;
		};
/* End PBXContainerItemProxy section */

/* Begin PBXFileReference section */
		783D79DE240696130080164A /* coredataTest2.app */ = {isa = PBXFileReference; explicitFileType = wrapper.application; includeInIndex = 0; path = coredataTest2.app; sourceTree = BUILT_PRODUCTS_DIR; };
		783D79E1240696130080164A /* AppDelegate.swift */ = {isa = PBXFileReference; lastKnownFileType = sourcecode.swift; path = AppDelegate.swift; sourceTree = "<group>"; };
		783D79E3240696130080164A /* SceneDelegate.swift */ = {isa = PBXFileReference; lastKnownFileType = sourcecode.swift; path = SceneDelegate.swift; sourceTree = "<group>"; };
		783D79E5240696130080164A /* ViewController.swift */ = {isa = PBXFileReference; lastKnownFileType = sourcecode.swift; path = ViewController.swift; sourceTree = "<group>"; };
		783D79E8240696130080164A /* Base */ = {isa = PBXFileReference; lastKnownFileType = file.storyboard; name = Base; path = Base.lproj/Main.storyboard; sourceTree = "<group>"; };
		783D79EB240696130080164A /* coredataTest2.xcdatamodel */ = {isa = PBXFileReference; lastKnownFileType = wrapper.xcdatamodel; path = coredataTest2.xcdatamodel; sourceTree = "<group>"; };
		783D79ED240696160080164A /* Assets.xcassets */ = {isa = PBXFileReference; lastKnownFileType = folder.assetcatalog; path = Assets.xcassets; sourceTree = "<group>"; };
		783D79F0240696160080164A /* Base */ = {isa = PBXFileReference; lastKnownFileType = file.storyboard; name = Base; path = Base.lproj/LaunchScreen.storyboard; sourceTree = "<group>"; };
		783D79F2240696160080164A /* Info.plist */ = {isa = PBXFileReference; lastKnownFileType = text.plist.xml; path = Info.plist; sourceTree = "<group>"; };
		783D79F7240696160080164A /* coredataTest2Tests.xctest */ = {isa = PBXFileReference; explicitFileType = wrapper.cfbundle; includeInIndex = 0; path = coredataTest2Tests.xctest; sourceTree = BUILT_PRODUCTS_DIR; };
		783D79FB240696160080164A /* coredataTest2Tests.swift */ = {isa = PBXFileReference; lastKnownFileType = sourcecode.swift; path = coredataTest2Tests.swift; sourceTree = "<group>"; };
		783D79FD240696160080164A /* Info.plist */ = {isa = PBXFileReference; lastKnownFileType = text.plist.xml; path = Info.plist; sourceTree = "<group>"; };
		783D7A02240696160080164A /* coredataTest2UITests.xctest */ = {isa = PBXFileReference; explicitFileType = wrapper.cfbundle; includeInIndex = 0; path = coredataTest2UITests.xctest; sourceTree = BUILT_PRODUCTS_DIR; };
		783D7A06240696160080164A /* coredataTest2UITests.swift */ = {isa = PBXFileReference; lastKnownFileType = sourcecode.swift; path = coredataTest2UITests.swift; sourceTree = "<group>"; };
		783D7A08240696160080164A /* Info.plist */ = {isa = PBXFileReference; lastKnownFileType = text.plist.xml; path = Info.plist; sourceTree = "<group>"; };
		783D7A142406C8140080164A /* User.swift */ = {isa = PBXFileReference; lastKnownFileType = sourcecode.swift; path = User.swift; sourceTree = "<group>"; };
		783D7A162406C8790080164A /* Movie.swift */ = {isa = PBXFileReference; lastKnownFileType = sourcecode.swift; path = Movie.swift; sourceTree = "<group>"; };
/* End PBXFileReference section */

/* Begin PBXFrameworksBuildPhase section */
		783D79DB240696130080164A /* Frameworks */ = {
			isa = PBXFrameworksBuildPhase;
			buildActionMask = 2147483647;
			files = (
			);
			runOnlyForDeploymentPostprocessing = 0;
		};
		783D79F4240696160080164A /* Frameworks */ = {
			isa = PBXFrameworksBuildPhase;
			buildActionMask = 2147483647;
			files = (
			);
			runOnlyForDeploymentPostprocessing = 0;
		};
		783D79FF240696160080164A /* Frameworks */ = {
			isa = PBXFrameworksBuildPhase;
			buildActionMask = 2147483647;
			files = (
			);
			runOnlyForDeploymentPostprocessing = 0;
		};
/* End PBXFrameworksBuildPhase section */

/* Begin PBXGroup section */
		783D79D5240696130080164A = {
			isa = PBXGroup;
			children = (
				783D79E0240696130080164A /* coredataTest2 */,
				783D79FA240696160080164A /* coredataTest2Tests */,
				783D7A05240696160080164A /* coredataTest2UITests */,
				783D79DF240696130080164A /* Products */,
			);
			sourceTree = "<group>";
		};
		783D79DF240696130080164A /* Products */ = {
			isa = PBXGroup;
			children = (
				783D79DE240696130080164A /* coredataTest2.app */,
				783D79F7240696160080164A /* coredataTest2Tests.xctest */,
				783D7A02240696160080164A /* coredataTest2UITests.xctest */,
			);
			name = Products;
			sourceTree = "<group>";
		};
		783D79E0240696130080164A /* coredataTest2 */ = {
			isa = PBXGroup;
			children = (
				783D79E1240696130080164A /* AppDelegate.swift */,
				783D79E3240696130080164A /* SceneDelegate.swift */,
				783D79E5240696130080164A /* ViewController.swift */,
				783D79E7240696130080164A /* Main.storyboard */,
				783D79ED240696160080164A /* Assets.xcassets */,
				783D79EF240696160080164A /* LaunchScreen.storyboard */,
				783D79F2240696160080164A /* Info.plist */,
				783D79EA240696130080164A /* coredataTest2.xcdatamodeld */,
				783D7A142406C8140080164A /* User.swift */,
				783D7A162406C8790080164A /* Movie.swift */,
			);
			path = coredataTest2;
			sourceTree = "<group>";
		};
		783D79FA240696160080164A /* coredataTest2Tests */ = {
			isa = PBXGroup;
			children = (
				783D79FB240696160080164A /* coredataTest2Tests.swift */,
				783D79FD240696160080164A /* Info.plist */,
			);
			path = coredataTest2Tests;
			sourceTree = "<group>";
		};
		783D7A05240696160080164A /* coredataTest2UITests */ = {
			isa = PBXGroup;
			children = (
				783D7A06240696160080164A /* coredataTest2UITests.swift */,
				783D7A08240696160080164A /* Info.plist */,
			);
			path = coredataTest2UITests;
			sourceTree = "<group>";
		};
/* End PBXGroup section */

/* Begin PBXNativeTarget section */
		783D79DD240696130080164A /* coredataTest2 */ = {
			isa = PBXNativeTarget;
			buildConfigurationList = 783D7A0B240696160080164A /* Build configuration list for PBXNativeTarget "coredataTest2" */;
			buildPhases = (
				783D79DA240696130080164A /* Sources */,
				783D79DB240696130080164A /* Frameworks */,
				783D79DC240696130080164A /* Resources */,
			);
			buildRules = (
			);
			dependencies = (
			);
			name = coredataTest2;
			productName = coredataTest2;
			productReference = 783D79DE240696130080164A /* coredataTest2.app */;
			productType = "com.apple.product-type.application";
		};
		783D79F6240696160080164A /* coredataTest2Tests */ = {
			isa = PBXNativeTarget;
			buildConfigurationList = 783D7A0E240696160080164A /* Build configuration list for PBXNativeTarget "coredataTest2Tests" */;
			buildPhases = (
				783D79F3240696160080164A /* Sources */,
				783D79F4240696160080164A /* Frameworks */,
				783D79F5240696160080164A /* Resources */,
			);
			buildRules = (
			);
			dependencies = (
				783D79F9240696160080164A /* PBXTargetDependency */,
			);
			name = coredataTest2Tests;
			productName = coredataTest2Tests;
			productReference = 783D79F7240696160080164A /* coredataTest2Tests.xctest */;
			productType = "com.apple.product-type.bundle.unit-test";
		};
		783D7A01240696160080164A /* coredataTest2UITests */ = {
			isa = PBXNativeTarget;
			buildConfigurationList = 783D7A11240696160080164A /* Build configuration list for PBXNativeTarget "coredataTest2UITests" */;
			buildPhases = (
				783D79FE240696160080164A /* Sources */,
				783D79FF240696160080164A /* Frameworks */,
				783D7A00240696160080164A /* Resources */,
			);
			buildRules = (
			);
			dependencies = (
				783D7A04240696160080164A /* PBXTargetDependency */,
			);
			name = coredataTest2UITests;
			productName = coredataTest2UITests;
			productReference = 783D7A02240696160080164A /* coredataTest2UITests.xctest */;
			productType = "com.apple.product-type.bundle.ui-testing";
		};
/* End PBXNativeTarget section */

/* Begin PBXProject section */
		783D79D6240696130080164A /* Project object */ = {
			isa = PBXProject;
			attributes = {
				LastSwiftUpdateCheck = 1130;
				LastUpgradeCheck = 1130;
				ORGANIZATIONNAME = "William Lennartsson";
				TargetAttributes = {
					783D79DD240696130080164A = {
						CreatedOnToolsVersion = 11.3.1;
					};
					783D79F6240696160080164A = {
						CreatedOnToolsVersion = 11.3.1;
						TestTargetID = 783D79DD240696130080164A;
					};
					783D7A01240696160080164A = {
						CreatedOnToolsVersion = 11.3.1;
						TestTargetID = 783D79DD240696130080164A;
					};
				};
			};
			buildConfigurationList = 783D79D9240696130080164A /* Build configuration list for PBXProject "coredataTest2" */;
			compatibilityVersion = "Xcode 9.3";
			developmentRegion = en;
			hasScannedForEncodings = 0;
			knownRegions = (
				en,
				Base,
			);
			mainGroup = 783D79D5240696130080164A;
			productRefGroup = 783D79DF240696130080164A /* Products */;
			projectDirPath = "";
			projectRoot = "";
			targets = (
				783D79DD240696130080164A /* coredataTest2 */,
				783D79F6240696160080164A /* coredataTest2Tests */,
				783D7A01240696160080164A /* coredataTest2UITests */,
			);
		};
/* End PBXProject section */

/* Begin PBXResourcesBuildPhase section */
		783D79DC240696130080164A /* Resources */ = {
			isa = PBXResourcesBuildPhase;
			buildActionMask = 2147483647;
			files = (
				783D79F1240696160080164A /* LaunchScreen.storyboard in Resources */,
				783D79EE240696160080164A /* Assets.xcassets in Resources */,
				783D79E9240696130080164A /* Main.storyboard in Resources */,
			);
			runOnlyForDeploymentPostprocessing = 0;
		};
		783D79F5240696160080164A /* Resources */ = {
			isa = PBXResourcesBuildPhase;
			buildActionMask = 2147483647;
			files = (
			);
			runOnlyForDeploymentPostprocessing = 0;
		};
		783D7A00240696160080164A /* Resources */ = {
			isa = PBXResourcesBuildPhase;
			buildActionMask = 2147483647;
			files = (
			);
			runOnlyForDeploymentPostprocessing = 0;
		};
/* End PBXResourcesBuildPhase section */

/* Begin PBXSourcesBuildPhase section */
		783D79DA240696130080164A /* Sources */ = {
			isa = PBXSourcesBuildPhase;
			buildActionMask = 2147483647;
			files = (
				783D79E6240696130080164A /* ViewController.swift in Sources */,
				783D79E2240696130080164A /* AppDelegate.swift in Sources */,
				783D7A172406C8790080164A /* Movie.swift in Sources */,
				783D79E4240696130080164A /* SceneDelegate.swift in Sources */,
				783D7A152406C8140080164A /* User.swift in Sources */,
				783D79EC240696130080164A /* coredataTest2.xcdatamodeld in Sources */,
			);
			runOnlyForDeploymentPostprocessing = 0;
		};
		783D79F3240696160080164A /* Sources */ = {
			isa = PBXSourcesBuildPhase;
			buildActionMask = 2147483647;
			files = (
				783D79FC240696160080164A /* coredataTest2Tests.swift in Sources */,
			);
			runOnlyForDeploymentPostprocessing = 0;
		};
		783D79FE240696160080164A /* Sources */ = {
			isa = PBXSourcesBuildPhase;
			buildActionMask = 2147483647;
			files = (
				783D7A07240696160080164A /* coredataTest2UITests.swift in Sources */,
			);
			runOnlyForDeploymentPostprocessing = 0;
		};
/* End PBXSourcesBuildPhase section */

/* Begin PBXTargetDependency section */
		783D79F9240696160080164A /* PBXTargetDependency */ = {
			isa = PBXTargetDependency;
			target = 783D79DD240696130080164A /* coredataTest2 */;
			targetProxy = 783D79F8240696160080164A /* PBXContainerItemProxy */;
		};
		783D7A04240696160080164A /* PBXTargetDependency */ = {
			isa = PBXTargetDependency;
			target = 783D79DD240696130080164A /* coredataTest2 */;
			targetProxy = 783D7A03240696160080164A /* PBXContainerItemProxy */;
		};
/* End PBXTargetDependency section */

/* Begin PBXVariantGroup section */
		783D79E7240696130080164A /* Main.storyboard */ = {
			isa = PBXVariantGroup;
			children = (
				783D79E8240696130080164A /* Base */,
			);
			name = Main.storyboard;
			sourceTree = "<group>";
		};
		783D79EF240696160080164A /* LaunchScreen.storyboard */ = {
			isa = PBXVariantGroup;
			children = (
				783D79F0240696160080164A /* Base */,
			);
			name = LaunchScreen.storyboard;
			sourceTree = "<group>";
		};
/* End PBXVariantGroup section */

/* Begin XCBuildConfiguration section */
		783D7A09240696160080164A /* Debug */ = {
			isa = XCBuildConfiguration;
			buildSettings = {
				ALWAYS_SEARCH_USER_PATHS = NO;
				CLANG_ANALYZER_NONNULL = YES;
				CLANG_ANALYZER_NUMBER_OBJECT_CONVERSION = YES_AGGRESSIVE;
				CLANG_CXX_LANGUAGE_STANDARD = "gnu++14";
				CLANG_CXX_LIBRARY = "libc++";
				CLANG_ENABLE_MODULES = YES;
				CLANG_ENABLE_OBJC_ARC = YES;
				CLANG_ENABLE_OBJC_WEAK = YES;
				CLANG_WARN_BLOCK_CAPTURE_AUTORELEASING = YES;
				CLANG_WARN_BOOL_CONVERSION = YES;
				CLANG_WARN_COMMA = YES;
				CLANG_WARN_CONSTANT_CONVERSION = YES;
				CLANG_WARN_DEPRECATED_OBJC_IMPLEMENTATIONS = YES;
				CLANG_WARN_DIRECT_OBJC_ISA_USAGE = YES_ERROR;
				CLANG_WARN_DOCUMENTATION_COMMENTS = YES;
				CLANG_WARN_EMPTY_BODY = YES;
				CLANG_WARN_ENUM_CONVERSION = YES;
				CLANG_WARN_INFINITE_RECURSION = YES;
				CLANG_WARN_INT_CONVERSION = YES;
				CLANG_WARN_NON_LITERAL_NULL_CONVERSION = YES;
				CLANG_WARN_OBJC_IMPLICIT_RETAIN_SELF = YES;
				CLANG_WARN_OBJC_LITERAL_CONVERSION = YES;
				CLANG_WARN_OBJC_ROOT_CLASS = YES_ERROR;
				CLANG_WARN_RANGE_LOOP_ANALYSIS = YES;
				CLANG_WARN_STRICT_PROTOTYPES = YES;
				CLANG_WARN_SUSPICIOUS_MOVE = YES;
				CLANG_WARN_UNGUARDED_AVAILABILITY = YES_AGGRESSIVE;
				CLANG_WARN_UNREACHABLE_CODE = YES;
				CLANG_WARN__DUPLICATE_METHOD_MATCH = YES;
				COPY_PHASE_STRIP = NO;
				DEBUG_INFORMATION_FORMAT = dwarf;
				ENABLE_STRICT_OBJC_MSGSEND = YES;
				ENABLE_TESTABILITY = YES;
				GCC_C_LANGUAGE_STANDARD = gnu11;
				GCC_DYNAMIC_NO_PIC = NO;
				GCC_NO_COMMON_BLOCKS = YES;
				GCC_OPTIMIZATION_LEVEL = 0;
				GCC_PREPROCESSOR_DEFINITIONS = (
					"DEBUG=1",
					"$(inherited)",
				);
				GCC_WARN_64_TO_32_BIT_CONVERSION = YES;
				GCC_WARN_ABOUT_RETURN_TYPE = YES_ERROR;
				GCC_WARN_UNDECLARED_SELECTOR = YES;
				GCC_WARN_UNINITIALIZED_AUTOS = YES_AGGRESSIVE;
				GCC_WARN_UNUSED_FUNCTION = YES;
				GCC_WARN_UNUSED_VARIABLE = YES;
				IPHONEOS_DEPLOYMENT_TARGET = 13.2;
				MTL_ENABLE_DEBUG_INFO = INCLUDE_SOURCE;
				MTL_FAST_MATH = YES;
				ONLY_ACTIVE_ARCH = YES;
				SDKROOT = iphoneos;
				SWIFT_ACTIVE_COMPILATION_CONDITIONS = DEBUG;
				SWIFT_OPTIMIZATION_LEVEL = "-Onone";
			};
			name = Debug;
		};
		783D7A0A240696160080164A /* Release */ = {
			isa = XCBuildConfiguration;
			buildSettings = {
				ALWAYS_SEARCH_USER_PATHS = NO;
				CLANG_ANALYZER_NONNULL = YES;
				CLANG_ANALYZER_NUMBER_OBJECT_CONVERSION = YES_AGGRESSIVE;
				CLANG_CXX_LANGUAGE_STANDARD = "gnu++14";
				CLANG_CXX_LIBRARY = "libc++";
				CLANG_ENABLE_MODULES = YES;
				CLANG_ENABLE_OBJC_ARC = YES;
				CLANG_ENABLE_OBJC_WEAK = YES;
				CLANG_WARN_BLOCK_CAPTURE_AUTORELEASING = YES;
				CLANG_WARN_BOOL_CONVERSION = YES;
				CLANG_WARN_COMMA = YES;
				CLANG_WARN_CONSTANT_CONVERSION = YES;
				CLANG_WARN_DEPRECATED_OBJC_IMPLEMENTATIONS = YES;
				CLANG_WARN_DIRECT_OBJC_ISA_USAGE = YES_ERROR;
				CLANG_WARN_DOCUMENTATION_COMMENTS = YES;
				CLANG_WARN_EMPTY_BODY = YES;
				CLANG_WARN_ENUM_CONVERSION = YES;
				CLANG_WARN_INFINITE_RECURSION = YES;
				CLANG_WARN_INT_CONVERSION = YES;
				CLANG_WARN_NON_LITERAL_NULL_CONVERSION = YES;
				CLANG_WARN_OBJC_IMPLICIT_RETAIN_SELF = YES;
				CLANG_WARN_OBJC_LITERAL_CONVERSION = YES;
				CLANG_WARN_OBJC_ROOT_CLASS = YES_ERROR;
				CLANG_WARN_RANGE_LOOP_ANALYSIS = YES;
				CLANG_WARN_STRICT_PROTOTYPES = YES;
				CLANG_WARN_SUSPICIOUS_MOVE = YES;
				CLANG_WARN_UNGUARDED_AVAILABILITY = YES_AGGRESSIVE;
				CLANG_WARN_UNREACHABLE_CODE = YES;
				CLANG_WARN__DUPLICATE_METHOD_MATCH = YES;
				COPY_PHASE_STRIP = NO;
				DEBUG_INFORMATION_FORMAT = "dwarf-with-dsym";
				ENABLE_NS_ASSERTIONS = NO;
				ENABLE_STRICT_OBJC_MSGSEND = YES;
				GCC_C_LANGUAGE_STANDARD = gnu11;
				GCC_NO_COMMON_BLOCKS = YES;
				GCC_WARN_64_TO_32_BIT_CONVERSION = YES;
				GCC_WARN_ABOUT_RETURN_TYPE = YES_ERROR;
				GCC_WARN_UNDECLARED_SELECTOR = YES;
				GCC_WARN_UNINITIALIZED_AUTOS = YES_AGGRESSIVE;
				GCC_WARN_UNUSED_FUNCTION = YES;
				GCC_WARN_UNUSED_VARIABLE = YES;
				IPHONEOS_DEPLOYMENT_TARGET = 13.2;
				MTL_ENABLE_DEBUG_INFO = NO;
				MTL_FAST_MATH = YES;
				SDKROOT = iphoneos;
				SWIFT_COMPILATION_MODE = wholemodule;
				SWIFT_OPTIMIZATION_LEVEL = "-O";
				VALIDATE_PRODUCT = YES;
			};
			name = Release;
		};
		783D7A0C240696160080164A /* Debug */ = {
			isa = XCBuildConfiguration;
			buildSettings = {
				ASSETCATALOG_COMPILER_APPICON_NAME = AppIcon;
				CODE_SIGN_STYLE = Automatic;
				INFOPLIST_FILE = coredataTest2/Info.plist;
				LD_RUNPATH_SEARCH_PATHS = (
					"$(inherited)",
					"@executable_path/Frameworks",
				);
				PRODUCT_BUNDLE_IDENTIFIER = devCake.coredataTest2;
				PRODUCT_NAME = "$(TARGET_NAME)";
				SWIFT_VERSION = 5.0;
				TARGETED_DEVICE_FAMILY = "1,2";
			};
			name = Debug;
		};
		783D7A0D240696160080164A /* Release */ = {
			isa = XCBuildConfiguration;
			buildSettings = {
				ASSETCATALOG_COMPILER_APPICON_NAME = AppIcon;
				CODE_SIGN_STYLE = Automatic;
				INFOPLIST_FILE = coredataTest2/Info.plist;
				LD_RUNPATH_SEARCH_PATHS = (
					"$(inherited)",
					"@executable_path/Frameworks",
				);
				PRODUCT_BUNDLE_IDENTIFIER = devCake.coredataTest2;
				PRODUCT_NAME = "$(TARGET_NAME)";
				SWIFT_VERSION = 5.0;
				TARGETED_DEVICE_FAMILY = "1,2";
			};
			name = Release;
		};
		783D7A0F240696160080164A /* Debug */ = {
			isa = XCBuildConfiguration;
			buildSettings = {
				ALWAYS_EMBED_SWIFT_STANDARD_LIBRARIES = YES;
				BUNDLE_LOADER = "$(TEST_HOST)";
				CODE_SIGN_STYLE = Automatic;
				INFOPLIST_FILE = coredataTest2Tests/Info.plist;
				IPHONEOS_DEPLOYMENT_TARGET = 13.2;
				LD_RUNPATH_SEARCH_PATHS = (
					"$(inherited)",
					"@executable_path/Frameworks",
					"@loader_path/Frameworks",
				);
				PRODUCT_BUNDLE_IDENTIFIER = devCake.coredataTest2Tests;
				PRODUCT_NAME = "$(TARGET_NAME)";
				SWIFT_VERSION = 5.0;
				TARGETED_DEVICE_FAMILY = "1,2";
				TEST_HOST = "$(BUILT_PRODUCTS_DIR)/coredataTest2.app/coredataTest2";
			};
			name = Debug;
		};
		783D7A10240696160080164A /* Release */ = {
			isa = XCBuildConfiguration;
			buildSettings = {
				ALWAYS_EMBED_SWIFT_STANDARD_LIBRARIES = YES;
				BUNDLE_LOADER = "$(TEST_HOST)";
				CODE_SIGN_STYLE = Automatic;
				INFOPLIST_FILE = coredataTest2Tests/Info.plist;
				IPHONEOS_DEPLOYMENT_TARGET = 13.2;
				LD_RUNPATH_SEARCH_PATHS = (
					"$(inherited)",
					"@executable_path/Frameworks",
					"@loader_path/Frameworks",
				);
				PRODUCT_BUNDLE_IDENTIFIER = devCake.coredataTest2Tests;
				PRODUCT_NAME = "$(TARGET_NAME)";
				SWIFT_VERSION = 5.0;
				TARGETED_DEVICE_FAMILY = "1,2";
				TEST_HOST = "$(BUILT_PRODUCTS_DIR)/coredataTest2.app/coredataTest2";
			};
			name = Release;
		};
		783D7A12240696160080164A /* Debug */ = {
			isa = XCBuildConfiguration;
			buildSettings = {
				ALWAYS_EMBED_SWIFT_STANDARD_LIBRARIES = YES;
				CODE_SIGN_STYLE = Automatic;
				INFOPLIST_FILE = coredataTest2UITests/Info.plist;
				LD_RUNPATH_SEARCH_PATHS = (
					"$(inherited)",
					"@executable_path/Frameworks",
					"@loader_path/Frameworks",
				);
				PRODUCT_BUNDLE_IDENTIFIER = devCake.coredataTest2UITests;
				PRODUCT_NAME = "$(TARGET_NAME)";
				SWIFT_VERSION = 5.0;
				TARGETED_DEVICE_FAMILY = "1,2";
				TEST_TARGET_NAME = coredataTest2;
			};
			name = Debug;
		};
		783D7A13240696160080164A /* Release */ = {
			isa = XCBuildConfiguration;
			buildSettings = {
				ALWAYS_EMBED_SWIFT_STANDARD_LIBRARIES = YES;
				CODE_SIGN_STYLE = Automatic;
				INFOPLIST_FILE = coredataTest2UITests/Info.plist;
				LD_RUNPATH_SEARCH_PATHS = (
					"$(inherited)",
					"@executable_path/Frameworks",
					"@loader_path/Frameworks",
				);
				PRODUCT_BUNDLE_IDENTIFIER = devCake.coredataTest2UITests;
				PRODUCT_NAME = "$(TARGET_NAME)";
				SWIFT_VERSION = 5.0;
				TARGETED_DEVICE_FAMILY = "1,2";
				TEST_TARGET_NAME = coredataTest2;
			};
			name = Release;
		};
/* End XCBuildConfiguration section */

/* Begin XCConfigurationList section */
		783D79D9240696130080164A /* Build configuration list for PBXProject "coredataTest2" */ = {
			isa = XCConfigurationList;
			buildConfigurations = (
				783D7A09240696160080164A /* Debug */,
				783D7A0A240696160080164A /* Release */,
			);
			defaultConfigurationIsVisible = 0;
			defaultConfigurationName = Release;
		};
		783D7A0B240696160080164A /* Build configuration list for PBXNativeTarget "coredataTest2" */ = {
			isa = XCConfigurationList;
			buildConfigurations = (
				783D7A0C240696160080164A /* Debug */,
				783D7A0D240696160080164A /* Release */,
			);
			defaultConfigurationIsVisible = 0;
			defaultConfigurationName = Release;
		};
		783D7A0E240696160080164A /* Build configuration list for PBXNativeTarget "coredataTest2Tests" */ = {
			isa = XCConfigurationList;
			buildConfigurations = (
				783D7A0F240696160080164A /* Debug */,
				783D7A10240696160080164A /* Release */,
			);
			defaultConfigurationIsVisible = 0;
			defaultConfigurationName = Release;
		};
		783D7A11240696160080164A /* Build configuration list for PBXNativeTarget "coredataTest2UITests" */ = {
			isa = XCConfigurationList;
			buildConfigurations = (
				783D7A12240696160080164A /* Debug */,
				783D7A13240696160080164A /* Release */,
			);
			defaultConfigurationIsVisible = 0;
			defaultConfigurationName = Release;
		};
/* End XCConfigurationList section */

/* Begin XCVersionGroup section */
		783D79EA240696130080164A /* coredataTest2.xcdatamodeld */ = {
			isa = XCVersionGroup;
			children = (
				783D79EB240696130080164A /* coredataTest2.xcdatamodel */,
			);
			currentVersion = 783D79EB240696130080164A /* coredataTest2.xcdatamodel */;
			path = coredataTest2.xcdatamodeld;
			sourceTree = "<group>";
			versionGroupType = wrapper.xcdatamodel;
		};
/* End XCVersionGroup section */
	};
	rootObject = 783D79D6240696130080164A /* Project object */;
}
